// !$*UTF8*$!
{
	archiveVersion = 1;
	classes = {
	};
	objectVersion = 50;
	objects = {

/* Begin PBXBuildFile section */
		AF4329AF234F25E1003AF195 /* AppDelegate.swift in Sources */ = {isa = PBXBuildFile; fileRef = AF4329AE234F25E1003AF195 /* AppDelegate.swift */; };
		AF4329B1234F25E1003AF195 /* SceneDelegate.swift in Sources */ = {isa = PBXBuildFile; fileRef = AF4329B0234F25E1003AF195 /* SceneDelegate.swift */; };
		AF4329B3234F25E1003AF195 /* ViewController.swift in Sources */ = {isa = PBXBuildFile; fileRef = AF4329B2234F25E1003AF195 /* ViewController.swift */; };
		AF4329B6234F25E1003AF195 /* Main.storyboard in Resources */ = {isa = PBXBuildFile; fileRef = AF4329B4234F25E1003AF195 /* Main.storyboard */; };
		AF4329B8234F25E3003AF195 /* Assets.xcassets in Resources */ = {isa = PBXBuildFile; fileRef = AF4329B7234F25E3003AF195 /* Assets.xcassets */; };
		AF4329BB234F25E3003AF195 /* LaunchScreen.storyboard in Resources */ = {isa = PBXBuildFile; fileRef = AF4329B9234F25E3003AF195 /* LaunchScreen.storyboard */; };
/* End PBXBuildFile section */

/* Begin PBXFileReference section */
		AF4329AB234F25E1003AF195 /* ExportCSV.app */ = {isa = PBXFileReference; explicitFileType = wrapper.application; includeInIndex = 0; path = ExportCSV.app; sourceTree = BUILT_PRODUCTS_DIR; };
		AF4329AE234F25E1003AF195 /* AppDelegate.swift */ = {isa = PBXFileReference; lastKnownFileType = sourcecode.swift; path = AppDelegate.swift; sourceTree = "<group>"; };
		AF4329B0234F25E1003AF195 /* SceneDelegate.swift */ = {isa = PBXFileReference; lastKnownFileType = sourcecode.swift; path = SceneDelegate.swift; sourceTree = "<group>"; };
		AF4329B2234F25E1003AF195 /* ViewController.swift */ = {isa = PBXFileReference; lastKnownFileType = sourcecode.swift; path = ViewController.swift; sourceTree = "<group>"; };
		AF4329B5234F25E1003AF195 /* Base */ = {isa = PBXFileReference; lastKnownFileType = file.storyboard; name = Base; path = Base.lproj/Main.storyboard; sourceTree = "<group>"; };
		AF4329B7234F25E3003AF195 /* Assets.xcassets */ = {isa = PBXFileReference; lastKnownFileType = folder.assetcatalog; path = Assets.xcassets; sourceTree = "<group>"; };
		AF4329BA234F25E3003AF195 /* Base */ = {isa = PBXFileReference; lastKnownFileType = file.storyboard; name = Base; path = Base.lproj/LaunchScreen.storyboard; sourceTree = "<group>"; };
		AF4329BC234F25E3003AF195 /* Info.plist */ = {isa = PBXFileReference; lastKnownFileType = text.plist.xml; path = Info.plist; sourceTree = "<group>"; };
/* End PBXFileReference section */

/* Begin PBXFrameworksBuildPhase section */
		AF4329A8234F25E1003AF195 /* Frameworks */ = {
			isa = PBXFrameworksBuildPhase;
			buildActionMask = 2147483647;
			files = (
			);
			runOnlyForDeploymentPostprocessing = 0;
		};
/* End PBXFrameworksBuildPhase section */

/* Begin PBXGroup section */
		AF4329A2234F25E1003AF195 = {
			isa = PBXGroup;
			children = (
				AF4329AD234F25E1003AF195 /* ExportCSV */,
				AF4329AC234F25E1003AF195 /* Products */,
			);
			sourceTree = "<group>";
		};
		AF4329AC234F25E1003AF195 /* Products */ = {
			isa = PBXGroup;
			children = (
				AF4329AB234F25E1003AF195 /* ExportCSV.app */,
			);
			name = Products;
			sourceTree = "<group>";
		};
		AF4329AD234F25E1003AF195 /* ExportCSV */ = {
			isa = PBXGroup;
			children = (
				AF4329AE234F25E1003AF195 /* AppDelegate.swift */,
				AF4329B0234F25E1003AF195 /* SceneDelegate.swift */,
				AF4329B2234F25E1003AF195 /* ViewController.swift */,
				AF4329B4234F25E1003AF195 /* Main.storyboard */,
				AF4329B7234F25E3003AF195 /* Assets.xcassets */,
				AF4329B9234F25E3003AF195 /* LaunchScreen.storyboard */,
				AF4329BC234F25E3003AF195 /* Info.plist */,
			);
			path = ExportCSV;
			sourceTree = "<group>";
		};
/* End PBXGroup section */

/* Begin PBXNativeTarget section */
		AF4329AA234F25E1003AF195 /* ExportCSV */ = {
			isa = PBXNativeTarget;
			buildConfigurationList = AF4329BF234F25E3003AF195 /* Build configuration list for PBXNativeTarget "ExportCSV" */;
			buildPhases = (
				AF4329A7234F25E1003AF195 /* Sources */,
				AF4329A8234F25E1003AF195 /* Frameworks */,
				AF4329A9234F25E1003AF195 /* Resources */,
			);
			buildRules = (
			);
			dependencies = (
			);
			name = ExportCSV;
			productName = ExportCSV;
			productReference = AF4329AB234F25E1003AF195 /* ExportCSV.app */;
			productType = "com.apple.product-type.application";
		};
/* End PBXNativeTarget section */

/* Begin PBXProject section */
		AF4329A3234F25E1003AF195 /* Project object */ = {
			isa = PBXProject;
			attributes = {
				LastSwiftUpdateCheck = 1100;
				LastUpgradeCheck = 1100;
				ORGANIZATIONNAME = "Mufakkharul Islam Nayem";
				TargetAttributes = {
					AF4329AA234F25E1003AF195 = {
						CreatedOnToolsVersion = 11.0;
					};
				};
			};
			buildConfigurationList = AF4329A6234F25E1003AF195 /* Build configuration list for PBXProject "ExportCSV" */;
			compatibilityVersion = "Xcode 9.3";
			developmentRegion = en;
			hasScannedForEncodings = 0;
			knownRegions = (
				en,
				Base,
			);
			mainGroup = AF4329A2234F25E1003AF195;
			productRefGroup = AF4329AC234F25E1003AF195 /* Products */;
			projectDirPath = "";
			projectRoot = "";
			targets = (
				AF4329AA234F25E1003AF195 /* ExportCSV */,
			);
		};
/* End PBXProject section */

/* Begin PBXResourcesBuildPhase section */
		AF4329A9234F25E1003AF195 /* Resources */ = {
			isa = PBXResourcesBuildPhase;
			buildActionMask = 2147483647;
			files = (
				AF4329BB234F25E3003AF195 /* LaunchScreen.storyboard in Resources */,
				AF4329B8234F25E3003AF195 /* Assets.xcassets in Resources */,
				AF4329B6234F25E1003AF195 /* Main.storyboard in Resources */,
			);
			runOnlyForDeploymentPostprocessing = 0;
		};
/* End PBXResourcesBuildPhase section */

/* Begin PBXSourcesBuildPhase section */
		AF4329A7234F25E1003AF195 /* Sources */ = {
			isa = PBXSourcesBuildPhase;
			buildActionMask = 2147483647;
			files = (
				AF4329B3234F25E1003AF195 /* ViewController.swift in Sources */,
				AF4329AF234F25E1003AF195 /* AppDelegate.swift in Sources */,
				AF4329B1234F25E1003AF195 /* SceneDelegate.swift in Sources */,
			);
			runOnlyForDeploymentPostprocessing = 0;
		};
/* End PBXSourcesBuildPhase section */

/* Begin PBXVariantGroup section */
		AF4329B4234F25E1003AF195 /* Main.storyboard */ = {
			isa = PBXVariantGroup;
			children = (
				AF4329B5234F25E1003AF195 /* Base */,
			);
			name = Main.storyboard;
			sourceTree = "<group>";
		};
		AF4329B9234F25E3003AF195 /* LaunchScreen.storyboard */ = {
			isa = PBXVariantGroup;
			children = (
				AF4329BA234F25E3003AF195 /* Base */,
			);
			name = LaunchScreen.storyboard;
			sourceTree = "<group>";
		};
/* End PBXVariantGroup section */

/* Begin XCBuildConfiguration section */
		AF4329BD234F25E3003AF195 /* Debug */ = {
			isa = XCBuildConfiguration;
			buildSettings = {
				ALWAYS_SEARCH_USER_PATHS = NO;
				CLANG_ANALYZER_NONNULL = YES;
				CLANG_ANALYZER_NUMBER_OBJECT_CONVERSION = YES_AGGRESSIVE;
				CLANG_CXX_LANGUAGE_STANDARD = "gnu++14";
				CLANG_CXX_LIBRARY = "libc++";
				CLANG_ENABLE_MODULES = YES;
				CLANG_ENABLE_OBJC_ARC = YES;
				CLANG_ENABLE_OBJC_WEAK = YES;
				CLANG_WARN_BLOCK_CAPTURE_AUTORELEASING = YES;
				CLANG_WARN_BOOL_CONVERSION = YES;
				CLANG_WARN_COMMA = YES;
				CLANG_WARN_CONSTANT_CONVERSION = YES;
				CLANG_WARN_DEPRECATED_OBJC_IMPLEMENTATIONS = YES;
				CLANG_WARN_DIRECT_OBJC_ISA_USAGE = YES_ERROR;
				CLANG_WARN_DOCUMENTATION_COMMENTS = YES;
				CLANG_WARN_EMPTY_BODY = YES;
				CLANG_WARN_ENUM_CONVERSION = YES;
				CLANG_WARN_INFINITE_RECURSION = YES;
				CLANG_WARN_INT_CONVERSION = YES;
				CLANG_WARN_NON_LITERAL_NULL_CONVERSION = YES;
				CLANG_WARN_OBJC_IMPLICIT_RETAIN_SELF = YES;
				CLANG_WARN_OBJC_LITERAL_CONVERSION = YES;
				CLANG_WARN_OBJC_ROOT_CLASS = YES_ERROR;
				CLANG_WARN_RANGE_LOOP_ANALYSIS = YES;
				CLANG_WARN_STRICT_PROTOTYPES = YES;
				CLANG_WARN_SUSPICIOUS_MOVE = YES;
				CLANG_WARN_UNGUARDED_AVAILABILITY = YES_AGGRESSIVE;
				CLANG_WARN_UNREACHABLE_CODE = YES;
				CLANG_WARN__DUPLICATE_METHOD_MATCH = YES;
				COPY_PHASE_STRIP = NO;
				DEBUG_INFORMATION_FORMAT = dwarf;
				ENABLE_STRICT_OBJC_MSGSEND = YES;
				ENABLE_TESTABILITY = YES;
				GCC_C_LANGUAGE_STANDARD = gnu11;
				GCC_DYNAMIC_NO_PIC = NO;
				GCC_NO_COMMON_BLOCKS = YES;
				GCC_OPTIMIZATION_LEVEL = 0;
				GCC_PREPROCESSOR_DEFINITIONS = (
					"DEBUG=1",
					"$(inherited)",
				);
				GCC_WARN_64_TO_32_BIT_CONVERSION = YES;
				GCC_WARN_ABOUT_RETURN_TYPE = YES_ERROR;
				GCC_WARN_UNDECLARED_SELECTOR = YES;
				GCC_WARN_UNINITIALIZED_AUTOS = YES_AGGRESSIVE;
				GCC_WARN_UNUSED_FUNCTION = YES;
				GCC_WARN_UNUSED_VARIABLE = YES;
				IPHONEOS_DEPLOYMENT_TARGET = 13.0;
				MTL_ENABLE_DEBUG_INFO = INCLUDE_SOURCE;
				MTL_FAST_MATH = YES;
				ONLY_ACTIVE_ARCH = YES;
				SDKROOT = iphoneos;
				SWIFT_ACTIVE_COMPILATION_CONDITIONS = DEBUG;
				SWIFT_OPTIMIZATION_LEVEL = "-Onone";
			};
			name = Debug;
		};
		AF4329BE234F25E3003AF195 /* Release */ = {
			isa = XCBuildConfiguration;
			buildSettings = {
				ALWAYS_SEARCH_USER_PATHS = NO;
				CLANG_ANALYZER_NONNULL = YES;
				CLANG_ANALYZER_NUMBER_OBJECT_CONVERSION = YES_AGGRESSIVE;
				CLANG_CXX_LANGUAGE_STANDARD = "gnu++14";
				CLANG_CXX_LIBRARY = "libc++";
				CLANG_ENABLE_MODULES = YES;
				CLANG_ENABLE_OBJC_ARC = YES;
				CLANG_ENABLE_OBJC_WEAK = YES;
				CLANG_WARN_BLOCK_CAPTURE_AUTORELEASING = YES;
				CLANG_WARN_BOOL_CONVERSION = YES;
				CLANG_WARN_COMMA = YES;
				CLANG_WARN_CONSTANT_CONVERSION = YES;
				CLANG_WARN_DEPRECATED_OBJC_IMPLEMENTATIONS = YES;
				CLANG_WARN_DIRECT_OBJC_ISA_USAGE = YES_ERROR;
				CLANG_WARN_DOCUMENTATION_COMMENTS = YES;
				CLANG_WARN_EMPTY_BODY = YES;
				CLANG_WARN_ENUM_CONVERSION = YES;
				CLANG_WARN_INFINITE_RECURSION = YES;
				CLANG_WARN_INT_CONVERSION = YES;
				CLANG_WARN_NON_LITERAL_NULL_CONVERSION = YES;
				CLANG_WARN_OBJC_IMPLICIT_RETAIN_SELF = YES;
				CLANG_WARN_OBJC_LITERAL_CONVERSION = YES;
				CLANG_WARN_OBJC_ROOT_CLASS = YES_ERROR;
				CLANG_WARN_RANGE_LOOP_ANALYSIS = YES;
				CLANG_WARN_STRICT_PROTOTYPES = YES;
				CLANG_WARN_SUSPICIOUS_MOVE = YES;
				CLANG_WARN_UNGUARDED_AVAILABILITY = YES_AGGRESSIVE;
				CLANG_WARN_UNREACHABLE_CODE = YES;
				CLANG_WARN__DUPLICATE_METHOD_MATCH = YES;
				COPY_PHASE_STRIP = NO;
				DEBUG_INFORMATION_FORMAT = "dwarf-with-dsym";
				ENABLE_NS_ASSERTIONS = NO;
				ENABLE_STRICT_OBJC_MSGSEND = YES;
				GCC_C_LANGUAGE_STANDARD = gnu11;
				GCC_NO_COMMON_BLOCKS = YES;
				GCC_WARN_64_TO_32_BIT_CONVERSION = YES;
				GCC_WARN_ABOUT_RETURN_TYPE = YES_ERROR;
				GCC_WARN_UNDECLARED_SELECTOR = YES;
				GCC_WARN_UNINITIALIZED_AUTOS = YES_AGGRESSIVE;
				GCC_WARN_UNUSED_FUNCTION = YES;
				GCC_WARN_UNUSED_VARIABLE = YES;
				IPHONEOS_DEPLOYMENT_TARGET = 13.0;
				MTL_ENABLE_DEBUG_INFO = NO;
				MTL_FAST_MATH = YES;
				SDKROOT = iphoneos;
				SWIFT_COMPILATION_MODE = wholemodule;
				SWIFT_OPTIMIZATION_LEVEL = "-O";
				VALIDATE_PRODUCT = YES;
			};
			name = Release;
		};
		AF4329C0234F25E3003AF195 /* Debug */ = {
			isa = XCBuildConfiguration;
			buildSettings = {
				ASSETCATALOG_COMPILER_APPICON_NAME = AppIcon;
				CODE_SIGN_STYLE = Automatic;
				DEVELOPMENT_TEAM = P9N6Y48D77;
				INFOPLIST_FILE = ExportCSV/Info.plist;
				LD_RUNPATH_SEARCH_PATHS = (
					"$(inherited)",
					"@executable_path/Frameworks",
				);
				PRODUCT_BUNDLE_IDENTIFIER = com.nayem.ExportCSV;
				PRODUCT_NAME = "$(TARGET_NAME)";
				SWIFT_VERSION = 5.0;
				TARGETED_DEVICE_FAMILY = "1,2";
			};
			name = Debug;
		};
		AF4329C1234F25E3003AF195 /* Release */ = {
			isa = XCBuildConfiguration;
			buildSettings = {
				ASSETCATALOG_COMPILER_APPICON_NAME = AppIcon;
				CODE_SIGN_STYLE = Automatic;
				DEVELOPMENT_TEAM = P9N6Y48D77;
				INFOPLIST_FILE = ExportCSV/Info.plist;
				LD_RUNPATH_SEARCH_PATHS = (
					"$(inherited)",
					"@executable_path/Frameworks",
				);
				PRODUCT_BUNDLE_IDENTIFIER = com.nayem.ExportCSV;
				PRODUCT_NAME = "$(TARGET_NAME)";
				SWIFT_VERSION = 5.0;
				TARGETED_DEVICE_FAMILY = "1,2";
			};
			name = Release;
		};
/* End XCBuildConfiguration section */

/* Begin XCConfigurationList section */
		AF4329A6234F25E1003AF195 /* Build configuration list for PBXProject "ExportCSV" */ = {
			isa = XCConfigurationList;
			buildConfigurations = (
				AF4329BD234F25E3003AF195 /* Debug */,
				AF4329BE234F25E3003AF195 /* Release */,
			);
			defaultConfigurationIsVisible = 0;
			defaultConfigurationName = Release;
		};
		AF4329BF234F25E3003AF195 /* Build configuration list for PBXNativeTarget "ExportCSV" */ = {
			isa = XCConfigurationList;
			buildConfigurations = (
				AF4329C0234F25E3003AF195 /* Debug */,
				AF4329C1234F25E3003AF195 /* Release */,
			);
			defaultConfigurationIsVisible = 0;
			defaultConfigurationName = Release;
		};
/* End XCConfigurationList section */
	};
	rootObject = AF4329A3234F25E1003AF195 /* Project object */;
}
